
Microsoft Visual Studio Solution File, Format Version 12.00
# Visual Studio Version 17
VisualStudioVersion = 17.7.34018.315
MinimumVisualStudioVersion = 10.0.40219.1
Project("{9A19103F-16F7-4668-BE54-9A1E7A4F7556}") = "dotrabot.NET", "dotrabot.NET\dotrabot.NET.csproj", "{A6BBF69E-E6D7-44AC-967B-5AB5B445E7F6}"
EndProject
Project("{FAE04EC0-301F-11D3-BF4B-00C04F79EFBC}") = "dotrabot-metatrader", "dotrabot-metatrader\dotrabot-metatrader.csproj", "{2B74AA95-5528-4412-83AF-82890219DEAE}"
EndProject
Global
	GlobalSection(SolutionConfigurationPlatforms) = preSolution
		Debug|Any CPU = Debug|Any CPU
		Release|Any CPU = Release|Any CPU
	EndGlobalSection
	GlobalSection(ProjectConfigurationPlatforms) = postSolution
		{A6BBF69E-E6D7-44AC-967B-5AB5B445E7F6}.Debug|Any CPU.ActiveCfg = Debug|Any CPU
		{A6BBF69E-E6D7-44AC-967B-5AB5B445E7F6}.Debug|Any CPU.Build.0 = Debug|Any CPU
		{A6BBF69E-E6D7-44AC-967B-5AB5B445E7F6}.Release|Any CPU.ActiveCfg = Release|Any CPU
		{A6BBF69E-E6D7-44AC-967B-5AB5B445E7F6}.Release|Any CPU.Build.0 = Release|Any CPU
		{2B74AA95-5528-4412-83AF-82890219DEAE}.Debug|Any CPU.ActiveCfg = Debug|Any CPU
		{2B74AA95-5528-4412-83AF-82890219DEAE}.Debug|Any CPU.Build.0 = Debug|Any CPU
		{2B74AA95-5528-4412-83AF-82890219DEAE}.Release|Any CPU.ActiveCfg = Release|Any CPU
		{2B74AA95-5528-4412-83AF-82890219DEAE}.Release|Any CPU.Build.0 = Release|Any CPU
	EndGlobalSection
	GlobalSection(SolutionProperties) = preSolution
		HideSolutionNode = FALSE
	EndGlobalSection
	GlobalSection(ExtensibilityGlobals) = postSolution
		SolutionGuid = {C1AB4812-D738-4778-BE2C-43CE7CE49280}
	EndGlobalSection
EndGlobal
